// !$*UTF8*$!
{
	archiveVersion = 1;
	classes = {
	};
	objectVersion = 46;
	objects = {

/* Begin PBXBuildFile section */
		B6C637E6D56FFCFEA09D65E8 /* Pods_StanhopeFNC.framework in Frameworks */ = {isa = PBXBuildFile; fileRef = 5CDEBE549335AEF3D6BBF71C /* Pods_StanhopeFNC.framework */; };
		BF2ED7A01D2CAC0000ED1AA4 /* NewsDetailVC.swift in Sources */ = {isa = PBXBuildFile; fileRef = BF2ED79F1D2CAC0000ED1AA4 /* NewsDetailVC.swift */; };
		BFCEB9B01D2AF2620066A9E2 /* AppDelegate.swift in Sources */ = {isa = PBXBuildFile; fileRef = BFCEB9AF1D2AF2620066A9E2 /* AppDelegate.swift */; };
		BFCEB9B21D2AF2620066A9E2 /* LoginVC.swift in Sources */ = {isa = PBXBuildFile; fileRef = BFCEB9B11D2AF2620066A9E2 /* LoginVC.swift */; };
		BFCEB9B51D2AF2620066A9E2 /* Main.storyboard in Resources */ = {isa = PBXBuildFile; fileRef = BFCEB9B31D2AF2620066A9E2 /* Main.storyboard */; };
		BFCEB9B71D2AF2620066A9E2 /* Assets.xcassets in Resources */ = {isa = PBXBuildFile; fileRef = BFCEB9B61D2AF2620066A9E2 /* Assets.xcassets */; };
		BFCEB9BA1D2AF2620066A9E2 /* LaunchScreen.storyboard in Resources */ = {isa = PBXBuildFile; fileRef = BFCEB9B81D2AF2620066A9E2 /* LaunchScreen.storyboard */; };
		BFCEB9C21D2AF5820066A9E2 /* GoogleService-Info.plist in Resources */ = {isa = PBXBuildFile; fileRef = BFCEB9C11D2AF5820066A9E2 /* GoogleService-Info.plist */; };
		BFCEB9C81D2B26380066A9E2 /* Constants.swift in Sources */ = {isa = PBXBuildFile; fileRef = BFCEB9C71D2B26380066A9E2 /* Constants.swift */; };
		BFCEB9CA1D2B29BA0066A9E2 /* DataService.swift in Sources */ = {isa = PBXBuildFile; fileRef = BFCEB9C91D2B29BA0066A9E2 /* DataService.swift */; };
		BFCEB9CC1D2B40550066A9E2 /* NewsVC.swift in Sources */ = {isa = PBXBuildFile; fileRef = BFCEB9CB1D2B40550066A9E2 /* NewsVC.swift */; };
		BFCEB9CE1D2B47410066A9E2 /* MoreVC.swift in Sources */ = {isa = PBXBuildFile; fileRef = BFCEB9CD1D2B47410066A9E2 /* MoreVC.swift */; };
		BFEDA8D81D2C1DF100515D6A /* News.swift in Sources */ = {isa = PBXBuildFile; fileRef = BFEDA8D71D2C1DF100515D6A /* News.swift */; };
		BFEDA8DA1D2C208A00515D6A /* NewsCell.swift in Sources */ = {isa = PBXBuildFile; fileRef = BFEDA8D91D2C208A00515D6A /* NewsCell.swift */; };
/* End PBXBuildFile section */

/* Begin PBXFileReference section */
		5CDEBE549335AEF3D6BBF71C /* Pods_StanhopeFNC.framework */ = {isa = PBXFileReference; explicitFileType = wrapper.framework; includeInIndex = 0; path = Pods_StanhopeFNC.framework; sourceTree = BUILT_PRODUCTS_DIR; };
		BF2ED79F1D2CAC0000ED1AA4 /* NewsDetailVC.swift */ = {isa = PBXFileReference; fileEncoding = 4; lastKnownFileType = sourcecode.swift; path = NewsDetailVC.swift; sourceTree = "<group>"; };
		BFCEB9AC1D2AF2620066A9E2 /* StanhopeFNC.app */ = {isa = PBXFileReference; explicitFileType = wrapper.application; includeInIndex = 0; path = StanhopeFNC.app; sourceTree = BUILT_PRODUCTS_DIR; };
		BFCEB9AF1D2AF2620066A9E2 /* AppDelegate.swift */ = {isa = PBXFileReference; lastKnownFileType = sourcecode.swift; path = AppDelegate.swift; sourceTree = "<group>"; };
		BFCEB9B11D2AF2620066A9E2 /* LoginVC.swift */ = {isa = PBXFileReference; lastKnownFileType = sourcecode.swift; path = LoginVC.swift; sourceTree = "<group>"; };
		BFCEB9B41D2AF2620066A9E2 /* Base */ = {isa = PBXFileReference; lastKnownFileType = file.storyboard; name = Base; path = Base.lproj/Main.storyboard; sourceTree = "<group>"; };
		BFCEB9B61D2AF2620066A9E2 /* Assets.xcassets */ = {isa = PBXFileReference; lastKnownFileType = folder.assetcatalog; path = Assets.xcassets; sourceTree = "<group>"; };
		BFCEB9B91D2AF2620066A9E2 /* Base */ = {isa = PBXFileReference; lastKnownFileType = file.storyboard; name = Base; path = Base.lproj/LaunchScreen.storyboard; sourceTree = "<group>"; };
		BFCEB9BB1D2AF2620066A9E2 /* Info.plist */ = {isa = PBXFileReference; lastKnownFileType = text.plist.xml; path = Info.plist; sourceTree = "<group>"; };
		BFCEB9C11D2AF5820066A9E2 /* GoogleService-Info.plist */ = {isa = PBXFileReference; fileEncoding = 4; lastKnownFileType = text.plist.xml; path = "GoogleService-Info.plist"; sourceTree = "<group>"; };
		BFCEB9C71D2B26380066A9E2 /* Constants.swift */ = {isa = PBXFileReference; fileEncoding = 4; lastKnownFileType = sourcecode.swift; path = Constants.swift; sourceTree = "<group>"; };
		BFCEB9C91D2B29BA0066A9E2 /* DataService.swift */ = {isa = PBXFileReference; fileEncoding = 4; lastKnownFileType = sourcecode.swift; path = DataService.swift; sourceTree = "<group>"; };
		BFCEB9CB1D2B40550066A9E2 /* NewsVC.swift */ = {isa = PBXFileReference; fileEncoding = 4; lastKnownFileType = sourcecode.swift; path = NewsVC.swift; sourceTree = "<group>"; };
		BFCEB9CD1D2B47410066A9E2 /* MoreVC.swift */ = {isa = PBXFileReference; fileEncoding = 4; lastKnownFileType = sourcecode.swift; path = MoreVC.swift; sourceTree = "<group>"; };
		BFEDA8D71D2C1DF100515D6A /* News.swift */ = {isa = PBXFileReference; fileEncoding = 4; lastKnownFileType = sourcecode.swift; path = News.swift; sourceTree = "<group>"; };
		BFEDA8D91D2C208A00515D6A /* NewsCell.swift */ = {isa = PBXFileReference; fileEncoding = 4; lastKnownFileType = sourcecode.swift; path = NewsCell.swift; sourceTree = "<group>"; };
		D9F5095D960122401E5FDD79 /* Pods-StanhopeFNC.debug.xcconfig */ = {isa = PBXFileReference; includeInIndex = 1; lastKnownFileType = text.xcconfig; name = "Pods-StanhopeFNC.debug.xcconfig"; path = "Pods/Target Support Files/Pods-StanhopeFNC/Pods-StanhopeFNC.debug.xcconfig"; sourceTree = "<group>"; };
		DEB0C74D49CDF4465F0F57CE /* Pods-StanhopeFNC.release.xcconfig */ = {isa = PBXFileReference; includeInIndex = 1; lastKnownFileType = text.xcconfig; name = "Pods-StanhopeFNC.release.xcconfig"; path = "Pods/Target Support Files/Pods-StanhopeFNC/Pods-StanhopeFNC.release.xcconfig"; sourceTree = "<group>"; };
/* End PBXFileReference section */

/* Begin PBXFrameworksBuildPhase section */
		BFCEB9A91D2AF2620066A9E2 /* Frameworks */ = {
			isa = PBXFrameworksBuildPhase;
			buildActionMask = 2147483647;
			files = (
				B6C637E6D56FFCFEA09D65E8 /* Pods_StanhopeFNC.framework in Frameworks */,
			);
			runOnlyForDeploymentPostprocessing = 0;
		};
/* End PBXFrameworksBuildPhase section */

/* Begin PBXGroup section */
		7DF86AF3E61741D40A87F187 /* Frameworks */ = {
			isa = PBXGroup;
			children = (
				5CDEBE549335AEF3D6BBF71C /* Pods_StanhopeFNC.framework */,
			);
			name = Frameworks;
			sourceTree = "<group>";
		};
		BFCEB9A31D2AF2620066A9E2 = {
			isa = PBXGroup;
			children = (
				BFCEB9AE1D2AF2620066A9E2 /* StanhopeFNC */,
				BFCEB9AD1D2AF2620066A9E2 /* Products */,
				E89D5A9A201BD1183AD6813A /* Pods */,
				7DF86AF3E61741D40A87F187 /* Frameworks */,
			);
			sourceTree = "<group>";
		};
		BFCEB9AD1D2AF2620066A9E2 /* Products */ = {
			isa = PBXGroup;
			children = (
				BFCEB9AC1D2AF2620066A9E2 /* StanhopeFNC.app */,
			);
			name = Products;
			sourceTree = "<group>";
		};
		BFCEB9AE1D2AF2620066A9E2 /* StanhopeFNC */ = {
			isa = PBXGroup;
			children = (
				BFCEB9C61D2B21210066A9E2 /* Resources */,
				BFCEB9C31D2AF5AF0066A9E2 /* Model */,
				BFCEB9C41D2AF5B50066A9E2 /* View */,
				BFCEB9C51D2AF5C30066A9E2 /* Controller */,
				BFCEB9C11D2AF5820066A9E2 /* GoogleService-Info.plist */,
				BFCEB9AF1D2AF2620066A9E2 /* AppDelegate.swift */,
				BFCEB9B31D2AF2620066A9E2 /* Main.storyboard */,
				BFCEB9B61D2AF2620066A9E2 /* Assets.xcassets */,
				BFCEB9B81D2AF2620066A9E2 /* LaunchScreen.storyboard */,
				BFCEB9BB1D2AF2620066A9E2 /* Info.plist */,
			);
			path = StanhopeFNC;
			sourceTree = "<group>";
		};
		BFCEB9C31D2AF5AF0066A9E2 /* Model */ = {
			isa = PBXGroup;
			children = (
				BFEDA8D71D2C1DF100515D6A /* News.swift */,
			);
			name = Model;
			sourceTree = "<group>";
		};
		BFCEB9C41D2AF5B50066A9E2 /* View */ = {
			isa = PBXGroup;
			children = (
				BFEDA8D91D2C208A00515D6A /* NewsCell.swift */,
			);
			name = View;
			sourceTree = "<group>";
		};
		BFCEB9C51D2AF5C30066A9E2 /* Controller */ = {
			isa = PBXGroup;
			children = (
				BFCEB9B11D2AF2620066A9E2 /* LoginVC.swift */,
				BFCEB9CB1D2B40550066A9E2 /* NewsVC.swift */,
				BFCEB9CD1D2B47410066A9E2 /* MoreVC.swift */,
				BF2ED79F1D2CAC0000ED1AA4 /* NewsDetailVC.swift */,
			);
			name = Controller;
			sourceTree = "<group>";
		};
		BFCEB9C61D2B21210066A9E2 /* Resources */ = {
			isa = PBXGroup;
			children = (
				BFCEB9C71D2B26380066A9E2 /* Constants.swift */,
				BFCEB9C91D2B29BA0066A9E2 /* DataService.swift */,
			);
			name = Resources;
			sourceTree = "<group>";
		};
		E89D5A9A201BD1183AD6813A /* Pods */ = {
			isa = PBXGroup;
			children = (
				D9F5095D960122401E5FDD79 /* Pods-StanhopeFNC.debug.xcconfig */,
				DEB0C74D49CDF4465F0F57CE /* Pods-StanhopeFNC.release.xcconfig */,
			);
			name = Pods;
			sourceTree = "<group>";
		};
/* End PBXGroup section */

/* Begin PBXNativeTarget section */
		BFCEB9AB1D2AF2620066A9E2 /* StanhopeFNC */ = {
			isa = PBXNativeTarget;
			buildConfigurationList = BFCEB9BE1D2AF2620066A9E2 /* Build configuration list for PBXNativeTarget "StanhopeFNC" */;
			buildPhases = (
				49E58C5FB3C5AF49C22D2025 /* Check Pods Manifest.lock */,
				BFCEB9A81D2AF2620066A9E2 /* Sources */,
				BFCEB9A91D2AF2620066A9E2 /* Frameworks */,
				BFCEB9AA1D2AF2620066A9E2 /* Resources */,
				84F92A45A6902371454C5722 /* Embed Pods Frameworks */,
				7CEDF139D1160052E2E1D15E /* Copy Pods Resources */,
			);
			buildRules = (
			);
			dependencies = (
			);
			name = StanhopeFNC;
			productName = StanhopeFNC;
			productReference = BFCEB9AC1D2AF2620066A9E2 /* StanhopeFNC.app */;
			productType = "com.apple.product-type.application";
		};
/* End PBXNativeTarget section */

/* Begin PBXProject section */
		BFCEB9A41D2AF2620066A9E2 /* Project object */ = {
			isa = PBXProject;
			attributes = {
				LastSwiftUpdateCheck = 0730;
				LastUpgradeCheck = 0800;
				ORGANIZATIONNAME = "Jason Leocata";
				TargetAttributes = {
					BFCEB9AB1D2AF2620066A9E2 = {
						CreatedOnToolsVersion = 7.3.1;
						LastSwiftMigration = 0800;
					};
				};
			};
			buildConfigurationList = BFCEB9A71D2AF2620066A9E2 /* Build configuration list for PBXProject "StanhopeFNC" */;
			compatibilityVersion = "Xcode 3.2";
			developmentRegion = English;
			hasScannedForEncodings = 0;
			knownRegions = (
				en,
				Base,
			);
			mainGroup = BFCEB9A31D2AF2620066A9E2;
			productRefGroup = BFCEB9AD1D2AF2620066A9E2 /* Products */;
			projectDirPath = "";
			projectRoot = "";
			targets = (
				BFCEB9AB1D2AF2620066A9E2 /* StanhopeFNC */,
			);
		};
/* End PBXProject section */

/* Begin PBXResourcesBuildPhase section */
		BFCEB9AA1D2AF2620066A9E2 /* Resources */ = {
			isa = PBXResourcesBuildPhase;
			buildActionMask = 2147483647;
			files = (
				BFCEB9BA1D2AF2620066A9E2 /* LaunchScreen.storyboard in Resources */,
				BFCEB9B71D2AF2620066A9E2 /* Assets.xcassets in Resources */,
				BFCEB9C21D2AF5820066A9E2 /* GoogleService-Info.plist in Resources */,
				BFCEB9B51D2AF2620066A9E2 /* Main.storyboard in Resources */,
			);
			runOnlyForDeploymentPostprocessing = 0;
		};
/* End PBXResourcesBuildPhase section */

/* Begin PBXShellScriptBuildPhase section */
		49E58C5FB3C5AF49C22D2025 /* Check Pods Manifest.lock */ = {
			isa = PBXShellScriptBuildPhase;
			buildActionMask = 2147483647;
			files = (
			);
			inputPaths = (
			);
			name = "Check Pods Manifest.lock";
			outputPaths = (
			);
			runOnlyForDeploymentPostprocessing = 0;
			shellPath = /bin/sh;
			shellScript = "diff \"${PODS_ROOT}/../Podfile.lock\" \"${PODS_ROOT}/Manifest.lock\" > /dev/null\nif [[ $? != 0 ]] ; then\n    cat << EOM\nerror: The sandbox is not in sync with the Podfile.lock. Run 'pod install' or update your CocoaPods installation.\nEOM\n    exit 1\nfi\n";
			showEnvVarsInLog = 0;
		};
		7CEDF139D1160052E2E1D15E /* Copy Pods Resources */ = {
			isa = PBXShellScriptBuildPhase;
			buildActionMask = 2147483647;
			files = (
			);
			inputPaths = (
			);
			name = "Copy Pods Resources";
			outputPaths = (
			);
			runOnlyForDeploymentPostprocessing = 0;
			shellPath = /bin/sh;
			shellScript = "\"${SRCROOT}/Pods/Target Support Files/Pods-StanhopeFNC/Pods-StanhopeFNC-resources.sh\"\n";
			showEnvVarsInLog = 0;
		};
		84F92A45A6902371454C5722 /* Embed Pods Frameworks */ = {
			isa = PBXShellScriptBuildPhase;
			buildActionMask = 2147483647;
			files = (
			);
			inputPaths = (
			);
			name = "Embed Pods Frameworks";
			outputPaths = (
			);
			runOnlyForDeploymentPostprocessing = 0;
			shellPath = /bin/sh;
			shellScript = "\"${SRCROOT}/Pods/Target Support Files/Pods-StanhopeFNC/Pods-StanhopeFNC-frameworks.sh\"\n";
			showEnvVarsInLog = 0;
		};
/* End PBXShellScriptBuildPhase section */

/* Begin PBXSourcesBuildPhase section */
		BFCEB9A81D2AF2620066A9E2 /* Sources */ = {
			isa = PBXSourcesBuildPhase;
			buildActionMask = 2147483647;
			files = (
				BFEDA8D81D2C1DF100515D6A /* News.swift in Sources */,
				BF2ED7A01D2CAC0000ED1AA4 /* NewsDetailVC.swift in Sources */,
				BFCEB9B21D2AF2620066A9E2 /* LoginVC.swift in Sources */,
				BFCEB9CE1D2B47410066A9E2 /* MoreVC.swift in Sources */,
				BFCEB9B01D2AF2620066A9E2 /* AppDelegate.swift in Sources */,
				BFCEB9C81D2B26380066A9E2 /* Constants.swift in Sources */,
				BFCEB9CA1D2B29BA0066A9E2 /* DataService.swift in Sources */,
				BFEDA8DA1D2C208A00515D6A /* NewsCell.swift in Sources */,
				BFCEB9CC1D2B40550066A9E2 /* NewsVC.swift in Sources */,
			);
			runOnlyForDeploymentPostprocessing = 0;
		};
/* End PBXSourcesBuildPhase section */

/* Begin PBXVariantGroup section */
		BFCEB9B31D2AF2620066A9E2 /* Main.storyboard */ = {
			isa = PBXVariantGroup;
			children = (
				BFCEB9B41D2AF2620066A9E2 /* Base */,
			);
			name = Main.storyboard;
			sourceTree = "<group>";
		};
		BFCEB9B81D2AF2620066A9E2 /* LaunchScreen.storyboard */ = {
			isa = PBXVariantGroup;
			children = (
				BFCEB9B91D2AF2620066A9E2 /* Base */,
			);
			name = LaunchScreen.storyboard;
			sourceTree = "<group>";
		};
/* End PBXVariantGroup section */

/* Begin XCBuildConfiguration section */
		BFCEB9BC1D2AF2620066A9E2 /* Debug */ = {
			isa = XCBuildConfiguration;
			buildSettings = {
				ALWAYS_SEARCH_USER_PATHS = NO;
				CLANG_ANALYZER_NONNULL = YES;
				CLANG_CXX_LANGUAGE_STANDARD = "gnu++0x";
				CLANG_CXX_LIBRARY = "libc++";
				CLANG_ENABLE_MODULES = YES;
				CLANG_ENABLE_OBJC_ARC = YES;
				CLANG_WARN_BOOL_CONVERSION = YES;
				CLANG_WARN_CONSTANT_CONVERSION = YES;
				CLANG_WARN_DIRECT_OBJC_ISA_USAGE = YES_ERROR;
				CLANG_WARN_EMPTY_BODY = YES;
				CLANG_WARN_ENUM_CONVERSION = YES;
				CLANG_WARN_INT_CONVERSION = YES;
				CLANG_WARN_OBJC_ROOT_CLASS = YES_ERROR;
				CLANG_WARN_UNREACHABLE_CODE = YES;
				CLANG_WARN__DUPLICATE_METHOD_MATCH = YES;
				"CODE_SIGN_IDENTITY[sdk=iphoneos*]" = "iPhone Developer";
				COPY_PHASE_STRIP = NO;
				DEBUG_INFORMATION_FORMAT = dwarf;
				ENABLE_STRICT_OBJC_MSGSEND = YES;
				ENABLE_TESTABILITY = YES;
				GCC_C_LANGUAGE_STANDARD = gnu99;
				GCC_DYNAMIC_NO_PIC = NO;
				GCC_NO_COMMON_BLOCKS = YES;
				GCC_OPTIMIZATION_LEVEL = 0;
				GCC_PREPROCESSOR_DEFINITIONS = (
					"DEBUG=1",
					"$(inherited)",
				);
				GCC_WARN_64_TO_32_BIT_CONVERSION = YES;
				GCC_WARN_ABOUT_RETURN_TYPE = YES_ERROR;
				GCC_WARN_UNDECLARED_SELECTOR = YES;
				GCC_WARN_UNINITIALIZED_AUTOS = YES_AGGRESSIVE;
				GCC_WARN_UNUSED_FUNCTION = YES;
				GCC_WARN_UNUSED_VARIABLE = YES;
				IPHONEOS_DEPLOYMENT_TARGET = 10.0;
				MTL_ENABLE_DEBUG_INFO = YES;
				ONLY_ACTIVE_ARCH = YES;
				SDKROOT = iphoneos;
				SWIFT_OPTIMIZATION_LEVEL = "-Onone";
				TARGETED_DEVICE_FAMILY = "1,2";
			};
			name = Debug;
		};
		BFCEB9BD1D2AF2620066A9E2 /* Release */ = {
			isa = XCBuildConfiguration;
			buildSettings = {
				ALWAYS_SEARCH_USER_PATHS = NO;
				CLANG_ANALYZER_NONNULL = YES;
				CLANG_CXX_LANGUAGE_STANDARD = "gnu++0x";
				CLANG_CXX_LIBRARY = "libc++";
				CLANG_ENABLE_MODULES = YES;
				CLANG_ENABLE_OBJC_ARC = YES;
				CLANG_WARN_BOOL_CONVERSION = YES;
				CLANG_WARN_CONSTANT_CONVERSION = YES;
				CLANG_WARN_DIRECT_OBJC_ISA_USAGE = YES_ERROR;
				CLANG_WARN_EMPTY_BODY = YES;
				CLANG_WARN_ENUM_CONVERSION = YES;
				CLANG_WARN_INT_CONVERSION = YES;
				CLANG_WARN_OBJC_ROOT_CLASS = YES_ERROR;
				CLANG_WARN_UNREACHABLE_CODE = YES;
				CLANG_WARN__DUPLICATE_METHOD_MATCH = YES;
				"CODE_SIGN_IDENTITY[sdk=iphoneos*]" = "iPhone Developer";
				COPY_PHASE_STRIP = NO;
				DEBUG_INFORMATION_FORMAT = "dwarf-with-dsym";
				ENABLE_NS_ASSERTIONS = NO;
				ENABLE_STRICT_OBJC_MSGSEND = YES;
				GCC_C_LANGUAGE_STANDARD = gnu99;
				GCC_NO_COMMON_BLOCKS = YES;
				GCC_WARN_64_TO_32_BIT_CONVERSION = YES;
				GCC_WARN_ABOUT_RETURN_TYPE = YES_ERROR;
				GCC_WARN_UNDECLARED_SELECTOR = YES;
				GCC_WARN_UNINITIALIZED_AUTOS = YES_AGGRESSIVE;
				GCC_WARN_UNUSED_FUNCTION = YES;
				GCC_WARN_UNUSED_VARIABLE = YES;
				IPHONEOS_DEPLOYMENT_TARGET = 10.0;
				MTL_ENABLE_DEBUG_INFO = NO;
				SDKROOT = iphoneos;
				TARGETED_DEVICE_FAMILY = "1,2";
				VALIDATE_PRODUCT = YES;
			};
			name = Release;
		};
		BFCEB9BF1D2AF2620066A9E2 /* Debug */ = {
			isa = XCBuildConfiguration;
			baseConfigurationReference = D9F5095D960122401E5FDD79 /* Pods-StanhopeFNC.debug.xcconfig */;
			buildSettings = {
				ALWAYS_EMBED_SWIFT_STANDARD_LIBRARIES = YES;
				ASSETCATALOG_COMPILER_APPICON_NAME = AppIcon;
				INFOPLIST_FILE = StanhopeFNC/Info.plist;
				LD_RUNPATH_SEARCH_PATHS = "$(inherited) @executable_path/Frameworks";
				PRODUCT_BUNDLE_IDENTIFIER = au.com.jasonleocata.StanhopeFNC;
				PRODUCT_NAME = "$(TARGET_NAME)";
				SWIFT_VERSION = 3.0;
			};
			name = Debug;
		};
		BFCEB9C01D2AF2620066A9E2 /* Release */ = {
			isa = XCBuildConfiguration;
			baseConfigurationReference = DEB0C74D49CDF4465F0F57CE /* Pods-StanhopeFNC.release.xcconfig */;
			buildSettings = {
				ALWAYS_EMBED_SWIFT_STANDARD_LIBRARIES = YES;
				ASSETCATALOG_COMPILER_APPICON_NAME = AppIcon;
				INFOPLIST_FILE = StanhopeFNC/Info.plist;
				LD_RUNPATH_SEARCH_PATHS = "$(inherited) @executable_path/Frameworks";
				PRODUCT_BUNDLE_IDENTIFIER = au.com.jasonleocata.StanhopeFNC;
				PRODUCT_NAME = "$(TARGET_NAME)";
				SWIFT_OPTIMIZATION_LEVEL = "-Owholemodule";
				SWIFT_VERSION = 3.0;
			};
			name = Release;
		};
/* End XCBuildConfiguration section */

/* Begin XCConfigurationList section */
		BFCEB9A71D2AF2620066A9E2 /* Build configuration list for PBXProject "StanhopeFNC" */ = {
			isa = XCConfigurationList;
			buildConfigurations = (
				BFCEB9BC1D2AF2620066A9E2 /* Debug */,
				BFCEB9BD1D2AF2620066A9E2 /* Release */,
			);
			defaultConfigurationIsVisible = 0;
			defaultConfigurationName = Release;
		};
		BFCEB9BE1D2AF2620066A9E2 /* Build configuration list for PBXNativeTarget "StanhopeFNC" */ = {
			isa = XCConfigurationList;
			buildConfigurations = (
				BFCEB9BF1D2AF2620066A9E2 /* Debug */,
				BFCEB9C01D2AF2620066A9E2 /* Release */,
			);
			defaultConfigurationIsVisible = 0;
			defaultConfigurationName = Release;
		};
/* End XCConfigurationList section */
	};
	rootObject = BFCEB9A41D2AF2620066A9E2 /* Project object */;
}
